
Microsoft Visual Studio Solution File, Format Version 12.00
Project("{2150E333-8FDC-42A3-9474-1A3956D46DE8}") = "Modules", "Modules", "{3E419930-4E41-43FF-91B9-ABEAFB6A742F}"
EndProject
Project("{2150E333-8FDC-42A3-9474-1A3956D46DE8}") = "Sales", "Sales", "{AA7FFBF5-45B5-4EAB-A33C-ECEA202C56E6}"
EndProject
Project("{FAE04EC0-301F-11D3-BF4B-00C04F79EFBC}") = "Modules.Sales.API", "Modules\Sales\Modules.Sales.API\Modules.Sales.API.csproj", "{BE64D095-A173-4605-924B-5B90261A86B7}"
EndProject
Project("{FAE04EC0-301F-11D3-BF4B-00C04F79EFBC}") = "Modules.Sales.Domain", "Modules\Sales\Modules.Sales.Domain\Modules.Sales.Domain.csproj", "{D7149FAA-9DD5-4BA8-A5DE-0A5C2FA26336}"
EndProject
Project("{FAE04EC0-301F-11D3-BF4B-00C04F79EFBC}") = "Modules.Sales.Infrastructure", "Modules\Sales\Modules.Sales.Infrastructure\Modules.Sales.Infrastructure.csproj", "{BF4459E2-8FA6-441B-9195-55E9FCC3F167}"
EndProject
Project("{2150E333-8FDC-42A3-9474-1A3956D46DE8}") = "SharedKernel", "SharedKernel", "{3DA93557-2604-4C17-8A86-25460DBC8EB9}"
EndProject
Project("{FAE04EC0-301F-11D3-BF4B-00C04F79EFBC}") = "SharedKernel.EventSourcing", "SharedKernel\SharedKernel.EventSourcing\SharedKernel.EventSourcing.csproj", "{EFB30A70-73BC-4B52-BF95-AB170FE0F877}"
EndProject
Project("{FAE04EC0-301F-11D3-BF4B-00C04F79EFBC}") = "SharedKernel.EventStoreDb", "SharedKernel\SharedKernel.EventStoreDb\SharedKernel.EventStoreDb.csproj", "{0CE2FD71-39B8-498E-8F8C-08F4C5B343F0}"
EndProject
Project("{FAE04EC0-301F-11D3-BF4B-00C04F79EFBC}") = "SharedKernel.Infrastructure", "SharedKernel\SharedKernel.Infrastructure\SharedKernel.Infrastructure.csproj", "{6196DF60-B0C1-41DD-AD70-58BB3A43D72F}"
EndProject
Project("{FAE04EC0-301F-11D3-BF4B-00C04F79EFBC}") = "SharedKernel.PostgresDb", "SharedKernel\SharedKernel.PostgresDb\SharedKernel.PostgresDb.csproj", "{A0E178B3-14A0-4E12-9FCD-62D139519990}"
EndProject
Project("{FAE04EC0-301F-11D3-BF4B-00C04F79EFBC}") = "SharedKernel.Domain", "SharedKernel\SharedKernel.Domain\SharedKernel.Domain.csproj", "{959AB583-3EF6-4348-85D1-CCA0B3175FD4}"
EndProject
Project("{FAE04EC0-301F-11D3-BF4B-00C04F79EFBC}") = "Modules.Sales.Integration", "Modules\Sales\Modules.Sales.Integration\Modules.Sales.Integration.csproj", "{9EAFD370-7391-48A4-8810-842B618A7A21}"
EndProject
Project("{FAE04EC0-301F-11D3-BF4B-00C04F79EFBC}") = "SharedKernel.Scheduler", "SharedKernel\SharedKernel.Scheduler\SharedKernel.Scheduler.csproj", "{1A5E7DA6-06F9-4B56-B1CA-257B699CE2CD}"
EndProject
Project("{2150E333-8FDC-42A3-9474-1A3956D46DE8}") = "Billing", "Billing", "{DF6196C8-B76A-43C5-89AF-DA7CAADE6CC9}"
EndProject
Project("{FAE04EC0-301F-11D3-BF4B-00C04F79EFBC}") = "Billing.API", "Modules\Billing\Billing.API\Billing.API.csproj", "{07C382AC-81A0-4B40-B3DE-F84113F26914}"
EndProject
Project("{FAE04EC0-301F-11D3-BF4B-00C04F79EFBC}") = "Billing.Infrastructure", "Modules\Billing\Billing.Infrastructure\Billing.Infrastructure.csproj", "{B493CCCE-A0C3-428B-838B-471F5FD1DDFA}"
EndProject
Project("{FAE04EC0-301F-11D3-BF4B-00C04F79EFBC}") = "Billing.Integration", "Modules\Billing\Billing.Integration\Billing.Integration.csproj", "{C33E159F-EAF6-4F6B-9E00-87DCD24BD253}"
EndProject
Project("{FAE04EC0-301F-11D3-BF4B-00C04F79EFBC}") = "SharedKernel.Integration", "SharedKernel\SharedKernel.Integration\SharedKernel.Integration.csproj", "{39455F91-CFA1-4D8D-83D4-B4F1EA649767}"
EndProject
Project("{FAE04EC0-301F-11D3-BF4B-00C04F79EFBC}") = "SharedKernel.Subscriptions", "SharedKernel\SharedKernel.Subscriptions\SharedKernel.Subscriptions.csproj", "{ED0904E2-ED89-458C-B9D1-9C2AEB9B55B0}"
EndProject
Project("{FAE04EC0-301F-11D3-BF4B-00C04F79EFBC}") = "Sales.Domain.Tests", "Modules\Sales\Sales.Domain.Tests\Sales.Domain.Tests.csproj", "{F740D164-0C29-4542-B2E6-4D2DB9D3ED10}"
EndProject
Project("{FAE04EC0-301F-11D3-BF4B-00C04F79EFBC}") = "Sales.API.Tests", "Modules\Sales\Sales.API.Tests\Sales.API.Tests.csproj", "{E588336A-C1A3-4109-92B8-3295128FDE0E}"
EndProject
Project("{FAE04EC0-301F-11D3-BF4B-00C04F79EFBC}") = "SharedKernel.Tests", "SharedKernel\SharedKernel.Tests\SharedKernel.Tests.csproj", "{4BE640F3-AC4F-482B-A97F-92C4F135CBC9}"
EndProject
Project("{FAE04EC0-301F-11D3-BF4B-00C04F79EFBC}") = "Sales.Tests", "Modules\Sales\Sales.Tests\Sales.Tests.csproj", "{1D799B4A-51EC-41A4-98B6-DFB2364394F5}"
EndProject
Project("{2150E333-8FDC-42A3-9474-1A3956D46DE8}") = "Catalog", "Catalog", "{6480BDA7-E3C4-4458-8CF6-9EEBB37D2C99}"
EndProject
Project("{FAE04EC0-301F-11D3-BF4B-00C04F79EFBC}") = "Catalog.API", "Modules\Catalog\Catalog.API\Catalog.API.csproj", "{A77B310A-82DB-4006-87F3-6D427060C935}"
EndProject
Project("{FAE04EC0-301F-11D3-BF4B-00C04F79EFBC}") = "Catalog.Infrastructure", "Modules\Catalog\Catalog.Infrastructure\Catalog.Infrastructure.csproj", "{1AABB89C-CF70-40A4-BC6B-235F9D36CB7F}"
EndProject
Project("{FAE04EC0-301F-11D3-BF4B-00C04F79EFBC}") = "Catalog.Integration", "Modules\Catalog\Catalog.Integration\Catalog.Integration.csproj", "{D874663D-34B1-4D34-9DD8-072BA15A9404}"
EndProject
Project("{FAE04EC0-301F-11D3-BF4B-00C04F79EFBC}") = "SharedKernel.Application", "SharedKernel\SharedKernel.Application\SharedKernel.Application.csproj", "{CC89BC61-BD9A-483C-BEE4-D3E78F6661EB}"
EndProject
Project("{2150E333-8FDC-42A3-9474-1A3956D46DE8}") = "Bootstrapper", "Bootstrapper", "{2FD1DEA5-9922-474A-973F-553A27A9E9FC}"
EndProject
Project("{FAE04EC0-301F-11D3-BF4B-00C04F79EFBC}") = "Bootstrapper", "Bootstrapper\Bootstrapper\Bootstrapper.csproj", "{091D9BAC-2CF9-4903-81D4-6B61E4FFE344}"
EndProject
Project("{2150E333-8FDC-42A3-9474-1A3956D46DE8}") = "Database", "Database", "{F290BBE9-F8D7-44DB-B1CE-23B179BD6EA5}"
EndProject
Project("{FAE04EC0-301F-11D3-BF4B-00C04F79EFBC}") = "Database.DatabaseMigrator", "Database\Database.DatabaseMigrator\Database.DatabaseMigrator.csproj", "{9DE7EE5A-4B7C-43F7-A13A-151DB0E3DE1A}"
EndProject
Global
	GlobalSection(SolutionConfigurationPlatforms) = preSolution
		Debug|Any CPU = Debug|Any CPU
		Release|Any CPU = Release|Any CPU
	EndGlobalSection
	GlobalSection(NestedProjects) = preSolution
		{AA7FFBF5-45B5-4EAB-A33C-ECEA202C56E6} = {3E419930-4E41-43FF-91B9-ABEAFB6A742F}
		{BE64D095-A173-4605-924B-5B90261A86B7} = {AA7FFBF5-45B5-4EAB-A33C-ECEA202C56E6}
		{D7149FAA-9DD5-4BA8-A5DE-0A5C2FA26336} = {AA7FFBF5-45B5-4EAB-A33C-ECEA202C56E6}
		{BF4459E2-8FA6-441B-9195-55E9FCC3F167} = {AA7FFBF5-45B5-4EAB-A33C-ECEA202C56E6}
		{EFB30A70-73BC-4B52-BF95-AB170FE0F877} = {3DA93557-2604-4C17-8A86-25460DBC8EB9}
		{0CE2FD71-39B8-498E-8F8C-08F4C5B343F0} = {3DA93557-2604-4C17-8A86-25460DBC8EB9}
		{6196DF60-B0C1-41DD-AD70-58BB3A43D72F} = {3DA93557-2604-4C17-8A86-25460DBC8EB9}
		{A0E178B3-14A0-4E12-9FCD-62D139519990} = {3DA93557-2604-4C17-8A86-25460DBC8EB9}
		{959AB583-3EF6-4348-85D1-CCA0B3175FD4} = {3DA93557-2604-4C17-8A86-25460DBC8EB9}
		{9EAFD370-7391-48A4-8810-842B618A7A21} = {AA7FFBF5-45B5-4EAB-A33C-ECEA202C56E6}
		{1A5E7DA6-06F9-4B56-B1CA-257B699CE2CD} = {3DA93557-2604-4C17-8A86-25460DBC8EB9}
		{DF6196C8-B76A-43C5-89AF-DA7CAADE6CC9} = {3E419930-4E41-43FF-91B9-ABEAFB6A742F}
		{07C382AC-81A0-4B40-B3DE-F84113F26914} = {DF6196C8-B76A-43C5-89AF-DA7CAADE6CC9}
		{B493CCCE-A0C3-428B-838B-471F5FD1DDFA} = {DF6196C8-B76A-43C5-89AF-DA7CAADE6CC9}
		{C33E159F-EAF6-4F6B-9E00-87DCD24BD253} = {DF6196C8-B76A-43C5-89AF-DA7CAADE6CC9}
		{39455F91-CFA1-4D8D-83D4-B4F1EA649767} = {3DA93557-2604-4C17-8A86-25460DBC8EB9}
		{ED0904E2-ED89-458C-B9D1-9C2AEB9B55B0} = {3DA93557-2604-4C17-8A86-25460DBC8EB9}
		{F740D164-0C29-4542-B2E6-4D2DB9D3ED10} = {AA7FFBF5-45B5-4EAB-A33C-ECEA202C56E6}
		{E588336A-C1A3-4109-92B8-3295128FDE0E} = {AA7FFBF5-45B5-4EAB-A33C-ECEA202C56E6}
		{4BE640F3-AC4F-482B-A97F-92C4F135CBC9} = {3DA93557-2604-4C17-8A86-25460DBC8EB9}
		{1D799B4A-51EC-41A4-98B6-DFB2364394F5} = {AA7FFBF5-45B5-4EAB-A33C-ECEA202C56E6}
		{6480BDA7-E3C4-4458-8CF6-9EEBB37D2C99} = {3E419930-4E41-43FF-91B9-ABEAFB6A742F}
		{A77B310A-82DB-4006-87F3-6D427060C935} = {6480BDA7-E3C4-4458-8CF6-9EEBB37D2C99}
		{1AABB89C-CF70-40A4-BC6B-235F9D36CB7F} = {6480BDA7-E3C4-4458-8CF6-9EEBB37D2C99}
		{D874663D-34B1-4D34-9DD8-072BA15A9404} = {6480BDA7-E3C4-4458-8CF6-9EEBB37D2C99}
		{CC89BC61-BD9A-483C-BEE4-D3E78F6661EB} = {3DA93557-2604-4C17-8A86-25460DBC8EB9}
		{091D9BAC-2CF9-4903-81D4-6B61E4FFE344} = {2FD1DEA5-9922-474A-973F-553A27A9E9FC}
		{9DE7EE5A-4B7C-43F7-A13A-151DB0E3DE1A} = {F290BBE9-F8D7-44DB-B1CE-23B179BD6EA5}
	EndGlobalSection
	GlobalSection(ProjectConfigurationPlatforms) = postSolution
		{BE64D095-A173-4605-924B-5B90261A86B7}.Debug|Any CPU.ActiveCfg = Debug|Any CPU
		{BE64D095-A173-4605-924B-5B90261A86B7}.Debug|Any CPU.Build.0 = Debug|Any CPU
		{BE64D095-A173-4605-924B-5B90261A86B7}.Release|Any CPU.ActiveCfg = Release|Any CPU
		{BE64D095-A173-4605-924B-5B90261A86B7}.Release|Any CPU.Build.0 = Release|Any CPU
		{D7149FAA-9DD5-4BA8-A5DE-0A5C2FA26336}.Debug|Any CPU.ActiveCfg = Debug|Any CPU
		{D7149FAA-9DD5-4BA8-A5DE-0A5C2FA26336}.Debug|Any CPU.Build.0 = Debug|Any CPU
		{D7149FAA-9DD5-4BA8-A5DE-0A5C2FA26336}.Release|Any CPU.ActiveCfg = Release|Any CPU
		{D7149FAA-9DD5-4BA8-A5DE-0A5C2FA26336}.Release|Any CPU.Build.0 = Release|Any CPU
		{BF4459E2-8FA6-441B-9195-55E9FCC3F167}.Debug|Any CPU.ActiveCfg = Debug|Any CPU
		{BF4459E2-8FA6-441B-9195-55E9FCC3F167}.Debug|Any CPU.Build.0 = Debug|Any CPU
		{BF4459E2-8FA6-441B-9195-55E9FCC3F167}.Release|Any CPU.ActiveCfg = Release|Any CPU
		{BF4459E2-8FA6-441B-9195-55E9FCC3F167}.Release|Any CPU.Build.0 = Release|Any CPU
		{EFB30A70-73BC-4B52-BF95-AB170FE0F877}.Debug|Any CPU.ActiveCfg = Debug|Any CPU
		{EFB30A70-73BC-4B52-BF95-AB170FE0F877}.Debug|Any CPU.Build.0 = Debug|Any CPU
		{EFB30A70-73BC-4B52-BF95-AB170FE0F877}.Release|Any CPU.ActiveCfg = Release|Any CPU
		{EFB30A70-73BC-4B52-BF95-AB170FE0F877}.Release|Any CPU.Build.0 = Release|Any CPU
		{0CE2FD71-39B8-498E-8F8C-08F4C5B343F0}.Debug|Any CPU.ActiveCfg = Debug|Any CPU
		{0CE2FD71-39B8-498E-8F8C-08F4C5B343F0}.Debug|Any CPU.Build.0 = Debug|Any CPU
		{0CE2FD71-39B8-498E-8F8C-08F4C5B343F0}.Release|Any CPU.ActiveCfg = Release|Any CPU
		{0CE2FD71-39B8-498E-8F8C-08F4C5B343F0}.Release|Any CPU.Build.0 = Release|Any CPU
		{6196DF60-B0C1-41DD-AD70-58BB3A43D72F}.Debug|Any CPU.ActiveCfg = Debug|Any CPU
		{6196DF60-B0C1-41DD-AD70-58BB3A43D72F}.Debug|Any CPU.Build.0 = Debug|Any CPU
		{6196DF60-B0C1-41DD-AD70-58BB3A43D72F}.Release|Any CPU.ActiveCfg = Release|Any CPU
		{6196DF60-B0C1-41DD-AD70-58BB3A43D72F}.Release|Any CPU.Build.0 = Release|Any CPU
		{A0E178B3-14A0-4E12-9FCD-62D139519990}.Debug|Any CPU.ActiveCfg = Debug|Any CPU
		{A0E178B3-14A0-4E12-9FCD-62D139519990}.Debug|Any CPU.Build.0 = Debug|Any CPU
		{A0E178B3-14A0-4E12-9FCD-62D139519990}.Release|Any CPU.ActiveCfg = Release|Any CPU
		{A0E178B3-14A0-4E12-9FCD-62D139519990}.Release|Any CPU.Build.0 = Release|Any CPU
		{959AB583-3EF6-4348-85D1-CCA0B3175FD4}.Debug|Any CPU.ActiveCfg = Debug|Any CPU
		{959AB583-3EF6-4348-85D1-CCA0B3175FD4}.Debug|Any CPU.Build.0 = Debug|Any CPU
		{959AB583-3EF6-4348-85D1-CCA0B3175FD4}.Release|Any CPU.ActiveCfg = Release|Any CPU
		{959AB583-3EF6-4348-85D1-CCA0B3175FD4}.Release|Any CPU.Build.0 = Release|Any CPU
		{9EAFD370-7391-48A4-8810-842B618A7A21}.Debug|Any CPU.ActiveCfg = Debug|Any CPU
		{9EAFD370-7391-48A4-8810-842B618A7A21}.Debug|Any CPU.Build.0 = Debug|Any CPU
		{9EAFD370-7391-48A4-8810-842B618A7A21}.Release|Any CPU.ActiveCfg = Release|Any CPU
		{9EAFD370-7391-48A4-8810-842B618A7A21}.Release|Any CPU.Build.0 = Release|Any CPU
		{1A5E7DA6-06F9-4B56-B1CA-257B699CE2CD}.Debug|Any CPU.ActiveCfg = Debug|Any CPU
		{1A5E7DA6-06F9-4B56-B1CA-257B699CE2CD}.Debug|Any CPU.Build.0 = Debug|Any CPU
		{1A5E7DA6-06F9-4B56-B1CA-257B699CE2CD}.Release|Any CPU.ActiveCfg = Release|Any CPU
		{1A5E7DA6-06F9-4B56-B1CA-257B699CE2CD}.Release|Any CPU.Build.0 = Release|Any CPU
		{07C382AC-81A0-4B40-B3DE-F84113F26914}.Debug|Any CPU.ActiveCfg = Debug|Any CPU
		{07C382AC-81A0-4B40-B3DE-F84113F26914}.Debug|Any CPU.Build.0 = Debug|Any CPU
		{07C382AC-81A0-4B40-B3DE-F84113F26914}.Release|Any CPU.ActiveCfg = Release|Any CPU
		{07C382AC-81A0-4B40-B3DE-F84113F26914}.Release|Any CPU.Build.0 = Release|Any CPU
		{B493CCCE-A0C3-428B-838B-471F5FD1DDFA}.Debug|Any CPU.ActiveCfg = Debug|Any CPU
		{B493CCCE-A0C3-428B-838B-471F5FD1DDFA}.Debug|Any CPU.Build.0 = Debug|Any CPU
		{B493CCCE-A0C3-428B-838B-471F5FD1DDFA}.Release|Any CPU.ActiveCfg = Release|Any CPU
		{B493CCCE-A0C3-428B-838B-471F5FD1DDFA}.Release|Any CPU.Build.0 = Release|Any CPU
		{C33E159F-EAF6-4F6B-9E00-87DCD24BD253}.Debug|Any CPU.ActiveCfg = Debug|Any CPU
		{C33E159F-EAF6-4F6B-9E00-87DCD24BD253}.Debug|Any CPU.Build.0 = Debug|Any CPU
		{C33E159F-EAF6-4F6B-9E00-87DCD24BD253}.Release|Any CPU.ActiveCfg = Release|Any CPU
		{C33E159F-EAF6-4F6B-9E00-87DCD24BD253}.Release|Any CPU.Build.0 = Release|Any CPU
		{39455F91-CFA1-4D8D-83D4-B4F1EA649767}.Debug|Any CPU.ActiveCfg = Debug|Any CPU
		{39455F91-CFA1-4D8D-83D4-B4F1EA649767}.Debug|Any CPU.Build.0 = Debug|Any CPU
		{39455F91-CFA1-4D8D-83D4-B4F1EA649767}.Release|Any CPU.ActiveCfg = Release|Any CPU
		{39455F91-CFA1-4D8D-83D4-B4F1EA649767}.Release|Any CPU.Build.0 = Release|Any CPU
		{ED0904E2-ED89-458C-B9D1-9C2AEB9B55B0}.Debug|Any CPU.ActiveCfg = Debug|Any CPU
		{ED0904E2-ED89-458C-B9D1-9C2AEB9B55B0}.Debug|Any CPU.Build.0 = Debug|Any CPU
		{ED0904E2-ED89-458C-B9D1-9C2AEB9B55B0}.Release|Any CPU.ActiveCfg = Release|Any CPU
		{ED0904E2-ED89-458C-B9D1-9C2AEB9B55B0}.Release|Any CPU.Build.0 = Release|Any CPU
		{F740D164-0C29-4542-B2E6-4D2DB9D3ED10}.Debug|Any CPU.ActiveCfg = Debug|Any CPU
		{F740D164-0C29-4542-B2E6-4D2DB9D3ED10}.Debug|Any CPU.Build.0 = Debug|Any CPU
		{F740D164-0C29-4542-B2E6-4D2DB9D3ED10}.Release|Any CPU.ActiveCfg = Release|Any CPU
		{F740D164-0C29-4542-B2E6-4D2DB9D3ED10}.Release|Any CPU.Build.0 = Release|Any CPU
		{E588336A-C1A3-4109-92B8-3295128FDE0E}.Debug|Any CPU.ActiveCfg = Debug|Any CPU
		{E588336A-C1A3-4109-92B8-3295128FDE0E}.Debug|Any CPU.Build.0 = Debug|Any CPU
		{E588336A-C1A3-4109-92B8-3295128FDE0E}.Release|Any CPU.ActiveCfg = Release|Any CPU
		{E588336A-C1A3-4109-92B8-3295128FDE0E}.Release|Any CPU.Build.0 = Release|Any CPU
		{4BE640F3-AC4F-482B-A97F-92C4F135CBC9}.Debug|Any CPU.ActiveCfg = Debug|Any CPU
		{4BE640F3-AC4F-482B-A97F-92C4F135CBC9}.Debug|Any CPU.Build.0 = Debug|Any CPU
		{4BE640F3-AC4F-482B-A97F-92C4F135CBC9}.Release|Any CPU.ActiveCfg = Release|Any CPU
		{4BE640F3-AC4F-482B-A97F-92C4F135CBC9}.Release|Any CPU.Build.0 = Release|Any CPU
		{1D799B4A-51EC-41A4-98B6-DFB2364394F5}.Debug|Any CPU.ActiveCfg = Debug|Any CPU
		{1D799B4A-51EC-41A4-98B6-DFB2364394F5}.Debug|Any CPU.Build.0 = Debug|Any CPU
		{1D799B4A-51EC-41A4-98B6-DFB2364394F5}.Release|Any CPU.ActiveCfg = Release|Any CPU
		{1D799B4A-51EC-41A4-98B6-DFB2364394F5}.Release|Any CPU.Build.0 = Release|Any CPU
		{A77B310A-82DB-4006-87F3-6D427060C935}.Debug|Any CPU.ActiveCfg = Debug|Any CPU
		{A77B310A-82DB-4006-87F3-6D427060C935}.Debug|Any CPU.Build.0 = Debug|Any CPU
		{A77B310A-82DB-4006-87F3-6D427060C935}.Release|Any CPU.ActiveCfg = Release|Any CPU
		{A77B310A-82DB-4006-87F3-6D427060C935}.Release|Any CPU.Build.0 = Release|Any CPU
		{1AABB89C-CF70-40A4-BC6B-235F9D36CB7F}.Debug|Any CPU.ActiveCfg = Debug|Any CPU
		{1AABB89C-CF70-40A4-BC6B-235F9D36CB7F}.Debug|Any CPU.Build.0 = Debug|Any CPU
		{1AABB89C-CF70-40A4-BC6B-235F9D36CB7F}.Release|Any CPU.ActiveCfg = Release|Any CPU
		{1AABB89C-CF70-40A4-BC6B-235F9D36CB7F}.Release|Any CPU.Build.0 = Release|Any CPU
		{D874663D-34B1-4D34-9DD8-072BA15A9404}.Debug|Any CPU.ActiveCfg = Debug|Any CPU
		{D874663D-34B1-4D34-9DD8-072BA15A9404}.Debug|Any CPU.Build.0 = Debug|Any CPU
		{D874663D-34B1-4D34-9DD8-072BA15A9404}.Release|Any CPU.ActiveCfg = Release|Any CPU
		{D874663D-34B1-4D34-9DD8-072BA15A9404}.Release|Any CPU.Build.0 = Release|Any CPU
		{CC89BC61-BD9A-483C-BEE4-D3E78F6661EB}.Debug|Any CPU.ActiveCfg = Debug|Any CPU
		{CC89BC61-BD9A-483C-BEE4-D3E78F6661EB}.Debug|Any CPU.Build.0 = Debug|Any CPU
		{CC89BC61-BD9A-483C-BEE4-D3E78F6661EB}.Release|Any CPU.ActiveCfg = Release|Any CPU
		{CC89BC61-BD9A-483C-BEE4-D3E78F6661EB}.Release|Any CPU.Build.0 = Release|Any CPU
		{091D9BAC-2CF9-4903-81D4-6B61E4FFE344}.Debug|Any CPU.ActiveCfg = Debug|Any CPU
		{091D9BAC-2CF9-4903-81D4-6B61E4FFE344}.Debug|Any CPU.Build.0 = Debug|Any CPU
		{091D9BAC-2CF9-4903-81D4-6B61E4FFE344}.Release|Any CPU.ActiveCfg = Release|Any CPU
		{091D9BAC-2CF9-4903-81D4-6B61E4FFE344}.Release|Any CPU.Build.0 = Release|Any CPU
		{9DE7EE5A-4B7C-43F7-A13A-151DB0E3DE1A}.Debug|Any CPU.ActiveCfg = Debug|Any CPU
		{9DE7EE5A-4B7C-43F7-A13A-151DB0E3DE1A}.Debug|Any CPU.Build.0 = Debug|Any CPU
		{9DE7EE5A-4B7C-43F7-A13A-151DB0E3DE1A}.Release|Any CPU.ActiveCfg = Release|Any CPU
		{9DE7EE5A-4B7C-43F7-A13A-151DB0E3DE1A}.Release|Any CPU.Build.0 = Release|Any CPU
	EndGlobalSection
EndGlobal
