
Microsoft Visual Studio Solution File, Format Version 12.00
Project("{2150E333-8FDC-42A3-9474-1A3956D46DE8}") = "Services", "Services", "{3E419930-4E41-43FF-91B9-ABEAFB6A742F}"
EndProject
Project("{2150E333-8FDC-42A3-9474-1A3956D46DE8}") = "Basket", "Basket", "{AA7FFBF5-45B5-4EAB-A33C-ECEA202C56E6}"
EndProject
Project("{2150E333-8FDC-42A3-9474-1A3956D46DE8}") = "Ordering", "Ordering", "{CF71D41D-C558-46D8-AF8C-1E90022A365D}"
EndProject
Project("{FAE04EC0-301F-11D3-BF4B-00C04F79EFBC}") = "Basket.API", "Services\Basket\Basket.API\Basket.API.csproj", "{BE64D095-A173-4605-924B-5B90261A86B7}"
EndProject
Project("{FAE04EC0-301F-11D3-BF4B-00C04F79EFBC}") = "Basket.Domain", "Services\Basket\Basket.Domain\Basket.Domain.csproj", "{D7149FAA-9DD5-4BA8-A5DE-0A5C2FA26336}"
EndProject
Project("{FAE04EC0-301F-11D3-BF4B-00C04F79EFBC}") = "Basket.Infrastructure", "Services\Basket\Basket.Infrastructure\Basket.Infrastructure.csproj", "{BF4459E2-8FA6-441B-9195-55E9FCC3F167}"
EndProject
Project("{2150E333-8FDC-42A3-9474-1A3956D46DE8}") = "SharedKernel", "SharedKernel", "{3DA93557-2604-4C17-8A86-25460DBC8EB9}"
EndProject
Project("{FAE04EC0-301F-11D3-BF4B-00C04F79EFBC}") = "EventSourcing", "SharedKernel\EventSourcing\EventSourcing.csproj", "{EFB30A70-73BC-4B52-BF95-AB170FE0F877}"
EndProject
Project("{FAE04EC0-301F-11D3-BF4B-00C04F79EFBC}") = "EventStore", "SharedKernel\EventStore\EventStore.csproj", "{0CE2FD71-39B8-498E-8F8C-08F4C5B343F0}"
EndProject
Project("{FAE04EC0-301F-11D3-BF4B-00C04F79EFBC}") = "Infrastructure", "SharedKernel\Infrastructure\Infrastructure.csproj", "{6196DF60-B0C1-41DD-AD70-58BB3A43D72F}"
EndProject
Project("{FAE04EC0-301F-11D3-BF4B-00C04F79EFBC}") = "PostgresDb", "SharedKernel\PostgresDb\PostgresDb.csproj", "{A0E178B3-14A0-4E12-9FCD-62D139519990}"
EndProject
Global
	GlobalSection(SolutionConfigurationPlatforms) = preSolution
		Debug|Any CPU = Debug|Any CPU
		Release|Any CPU = Release|Any CPU
	EndGlobalSection
	GlobalSection(NestedProjects) = preSolution
		{AA7FFBF5-45B5-4EAB-A33C-ECEA202C56E6} = {3E419930-4E41-43FF-91B9-ABEAFB6A742F}
		{CF71D41D-C558-46D8-AF8C-1E90022A365D} = {3E419930-4E41-43FF-91B9-ABEAFB6A742F}
		{BE64D095-A173-4605-924B-5B90261A86B7} = {AA7FFBF5-45B5-4EAB-A33C-ECEA202C56E6}
		{D7149FAA-9DD5-4BA8-A5DE-0A5C2FA26336} = {AA7FFBF5-45B5-4EAB-A33C-ECEA202C56E6}
		{BF4459E2-8FA6-441B-9195-55E9FCC3F167} = {AA7FFBF5-45B5-4EAB-A33C-ECEA202C56E6}
		{EFB30A70-73BC-4B52-BF95-AB170FE0F877} = {3DA93557-2604-4C17-8A86-25460DBC8EB9}
		{0CE2FD71-39B8-498E-8F8C-08F4C5B343F0} = {3DA93557-2604-4C17-8A86-25460DBC8EB9}
		{6196DF60-B0C1-41DD-AD70-58BB3A43D72F} = {3DA93557-2604-4C17-8A86-25460DBC8EB9}
		{A0E178B3-14A0-4E12-9FCD-62D139519990} = {3DA93557-2604-4C17-8A86-25460DBC8EB9}
	EndGlobalSection
	GlobalSection(ProjectConfigurationPlatforms) = postSolution
		{BE64D095-A173-4605-924B-5B90261A86B7}.Debug|Any CPU.ActiveCfg = Debug|Any CPU
		{BE64D095-A173-4605-924B-5B90261A86B7}.Debug|Any CPU.Build.0 = Debug|Any CPU
		{BE64D095-A173-4605-924B-5B90261A86B7}.Release|Any CPU.ActiveCfg = Release|Any CPU
		{BE64D095-A173-4605-924B-5B90261A86B7}.Release|Any CPU.Build.0 = Release|Any CPU
		{D7149FAA-9DD5-4BA8-A5DE-0A5C2FA26336}.Debug|Any CPU.ActiveCfg = Debug|Any CPU
		{D7149FAA-9DD5-4BA8-A5DE-0A5C2FA26336}.Debug|Any CPU.Build.0 = Debug|Any CPU
		{D7149FAA-9DD5-4BA8-A5DE-0A5C2FA26336}.Release|Any CPU.ActiveCfg = Release|Any CPU
		{D7149FAA-9DD5-4BA8-A5DE-0A5C2FA26336}.Release|Any CPU.Build.0 = Release|Any CPU
		{BF4459E2-8FA6-441B-9195-55E9FCC3F167}.Debug|Any CPU.ActiveCfg = Debug|Any CPU
		{BF4459E2-8FA6-441B-9195-55E9FCC3F167}.Debug|Any CPU.Build.0 = Debug|Any CPU
		{BF4459E2-8FA6-441B-9195-55E9FCC3F167}.Release|Any CPU.ActiveCfg = Release|Any CPU
		{BF4459E2-8FA6-441B-9195-55E9FCC3F167}.Release|Any CPU.Build.0 = Release|Any CPU
		{EFB30A70-73BC-4B52-BF95-AB170FE0F877}.Debug|Any CPU.ActiveCfg = Debug|Any CPU
		{EFB30A70-73BC-4B52-BF95-AB170FE0F877}.Debug|Any CPU.Build.0 = Debug|Any CPU
		{EFB30A70-73BC-4B52-BF95-AB170FE0F877}.Release|Any CPU.ActiveCfg = Release|Any CPU
		{EFB30A70-73BC-4B52-BF95-AB170FE0F877}.Release|Any CPU.Build.0 = Release|Any CPU
		{0CE2FD71-39B8-498E-8F8C-08F4C5B343F0}.Debug|Any CPU.ActiveCfg = Debug|Any CPU
		{0CE2FD71-39B8-498E-8F8C-08F4C5B343F0}.Debug|Any CPU.Build.0 = Debug|Any CPU
		{0CE2FD71-39B8-498E-8F8C-08F4C5B343F0}.Release|Any CPU.ActiveCfg = Release|Any CPU
		{0CE2FD71-39B8-498E-8F8C-08F4C5B343F0}.Release|Any CPU.Build.0 = Release|Any CPU
		{6196DF60-B0C1-41DD-AD70-58BB3A43D72F}.Debug|Any CPU.ActiveCfg = Debug|Any CPU
		{6196DF60-B0C1-41DD-AD70-58BB3A43D72F}.Debug|Any CPU.Build.0 = Debug|Any CPU
		{6196DF60-B0C1-41DD-AD70-58BB3A43D72F}.Release|Any CPU.ActiveCfg = Release|Any CPU
		{6196DF60-B0C1-41DD-AD70-58BB3A43D72F}.Release|Any CPU.Build.0 = Release|Any CPU
		{A0E178B3-14A0-4E12-9FCD-62D139519990}.Debug|Any CPU.ActiveCfg = Debug|Any CPU
		{A0E178B3-14A0-4E12-9FCD-62D139519990}.Debug|Any CPU.Build.0 = Debug|Any CPU
		{A0E178B3-14A0-4E12-9FCD-62D139519990}.Release|Any CPU.ActiveCfg = Release|Any CPU
		{A0E178B3-14A0-4E12-9FCD-62D139519990}.Release|Any CPU.Build.0 = Release|Any CPU
	EndGlobalSection
EndGlobal
