
Microsoft Visual Studio Solution File, Format Version 12.00
Project("{2150E333-8FDC-42A3-9474-1A3956D46DE8}") = "Modules", "Modules", "{3E419930-4E41-43FF-91B9-ABEAFB6A742F}"
EndProject
Project("{2150E333-8FDC-42A3-9474-1A3956D46DE8}") = "Sales", "Sales", "{AA7FFBF5-45B5-4EAB-A33C-ECEA202C56E6}"
EndProject
Project("{FAE04EC0-301F-11D3-BF4B-00C04F79EFBC}") = "Sales.API", "Modules\Sales\Sales.API\Sales.API.csproj", "{BE64D095-A173-4605-924B-5B90261A86B7}"
EndProject
Project("{FAE04EC0-301F-11D3-BF4B-00C04F79EFBC}") = "Sales.Domain", "Modules\Sales\Sales.Domain\Sales.Domain.csproj", "{D7149FAA-9DD5-4BA8-A5DE-0A5C2FA26336}"
EndProject
Project("{FAE04EC0-301F-11D3-BF4B-00C04F79EFBC}") = "Sales.Infrastructure", "Modules\Sales\Sales.Infrastructure\Sales.Infrastructure.csproj", "{BF4459E2-8FA6-441B-9195-55E9FCC3F167}"
EndProject
Project("{2150E333-8FDC-42A3-9474-1A3956D46DE8}") = "SharedKernel", "SharedKernel", "{3DA93557-2604-4C17-8A86-25460DBC8EB9}"
EndProject
Project("{FAE04EC0-301F-11D3-BF4B-00C04F79EFBC}") = "SharedKernel.EventSourcing", "SharedKernel\SharedKernel.EventSourcing\SharedKernel.EventSourcing.csproj", "{EFB30A70-73BC-4B52-BF95-AB170FE0F877}"
EndProject
Project("{FAE04EC0-301F-11D3-BF4B-00C04F79EFBC}") = "SharedKernel.EventStoreDb", "SharedKernel\SharedKernel.EventStoreDb\SharedKernel.EventStoreDb.csproj", "{0CE2FD71-39B8-498E-8F8C-08F4C5B343F0}"
EndProject
Project("{FAE04EC0-301F-11D3-BF4B-00C04F79EFBC}") = "SharedKernel.Infrastructure", "SharedKernel\SharedKernel.Infrastructure\SharedKernel.Infrastructure.csproj", "{6196DF60-B0C1-41DD-AD70-58BB3A43D72F}"
EndProject
Project("{FAE04EC0-301F-11D3-BF4B-00C04F79EFBC}") = "SharedKernel.PostgresDb", "SharedKernel\SharedKernel.PostgresDb\SharedKernel.PostgresDb.csproj", "{A0E178B3-14A0-4E12-9FCD-62D139519990}"
EndProject
Project("{FAE04EC0-301F-11D3-BF4B-00C04F79EFBC}") = "SharedKernel.Domain", "SharedKernel\SharedKernel.Domain\SharedKernel.Domain.csproj", "{959AB583-3EF6-4348-85D1-CCA0B3175FD4}"
EndProject
Project("{FAE04EC0-301F-11D3-BF4B-00C04F79EFBC}") = "SharedKernel.Application", "SharedKernel\SharedKernel.Application\SharedKernel.Application.csproj", "{9ABB74E0-A888-4F40-B1D9-4C8FBF4AD1BC}"
EndProject
Project("{FAE04EC0-301F-11D3-BF4B-00C04F79EFBC}") = "Sales.Integration", "Modules\Sales\Sales.Integration\Sales.Integration.csproj", "{9EAFD370-7391-48A4-8810-842B618A7A21}"
EndProject
Project("{FAE04EC0-301F-11D3-BF4B-00C04F79EFBC}") = "SharedKernel.Scheduler.Quartz", "SharedKernel\SharedKernel.Scheduler.Quartz\SharedKernel.Scheduler.Quartz.csproj", "{6C159003-FF08-4AC3-A9A4-814BCFB8FE42}"
EndProject
Project("{FAE04EC0-301F-11D3-BF4B-00C04F79EFBC}") = "SharedKernel.Scheduler", "SharedKernel\SharedKernel.Scheduler\SharedKernel.Scheduler.csproj", "{1A5E7DA6-06F9-4B56-B1CA-257B699CE2CD}"
EndProject
Project("{FAE04EC0-301F-11D3-BF4B-00C04F79EFBC}") = "SharedKernel.Messaging", "SharedKernel\SharedKernel.Messaging\SharedKernel.Messaging.csproj", "{7B5D86E3-6D5E-4707-B96F-AF5FEA209B42}"
EndProject
Global
	GlobalSection(SolutionConfigurationPlatforms) = preSolution
		Debug|Any CPU = Debug|Any CPU
		Release|Any CPU = Release|Any CPU
	EndGlobalSection
	GlobalSection(NestedProjects) = preSolution
		{AA7FFBF5-45B5-4EAB-A33C-ECEA202C56E6} = {3E419930-4E41-43FF-91B9-ABEAFB6A742F}
		{BE64D095-A173-4605-924B-5B90261A86B7} = {AA7FFBF5-45B5-4EAB-A33C-ECEA202C56E6}
		{D7149FAA-9DD5-4BA8-A5DE-0A5C2FA26336} = {AA7FFBF5-45B5-4EAB-A33C-ECEA202C56E6}
		{BF4459E2-8FA6-441B-9195-55E9FCC3F167} = {AA7FFBF5-45B5-4EAB-A33C-ECEA202C56E6}
		{EFB30A70-73BC-4B52-BF95-AB170FE0F877} = {3DA93557-2604-4C17-8A86-25460DBC8EB9}
		{0CE2FD71-39B8-498E-8F8C-08F4C5B343F0} = {3DA93557-2604-4C17-8A86-25460DBC8EB9}
		{6196DF60-B0C1-41DD-AD70-58BB3A43D72F} = {3DA93557-2604-4C17-8A86-25460DBC8EB9}
		{A0E178B3-14A0-4E12-9FCD-62D139519990} = {3DA93557-2604-4C17-8A86-25460DBC8EB9}
		{959AB583-3EF6-4348-85D1-CCA0B3175FD4} = {3DA93557-2604-4C17-8A86-25460DBC8EB9}
		{9ABB74E0-A888-4F40-B1D9-4C8FBF4AD1BC} = {3DA93557-2604-4C17-8A86-25460DBC8EB9}
		{9EAFD370-7391-48A4-8810-842B618A7A21} = {AA7FFBF5-45B5-4EAB-A33C-ECEA202C56E6}
		{6C159003-FF08-4AC3-A9A4-814BCFB8FE42} = {3DA93557-2604-4C17-8A86-25460DBC8EB9}
		{1A5E7DA6-06F9-4B56-B1CA-257B699CE2CD} = {3DA93557-2604-4C17-8A86-25460DBC8EB9}
		{7B5D86E3-6D5E-4707-B96F-AF5FEA209B42} = {3DA93557-2604-4C17-8A86-25460DBC8EB9}
	EndGlobalSection
	GlobalSection(ProjectConfigurationPlatforms) = postSolution
		{BE64D095-A173-4605-924B-5B90261A86B7}.Debug|Any CPU.ActiveCfg = Debug|Any CPU
		{BE64D095-A173-4605-924B-5B90261A86B7}.Debug|Any CPU.Build.0 = Debug|Any CPU
		{BE64D095-A173-4605-924B-5B90261A86B7}.Release|Any CPU.ActiveCfg = Release|Any CPU
		{BE64D095-A173-4605-924B-5B90261A86B7}.Release|Any CPU.Build.0 = Release|Any CPU
		{D7149FAA-9DD5-4BA8-A5DE-0A5C2FA26336}.Debug|Any CPU.ActiveCfg = Debug|Any CPU
		{D7149FAA-9DD5-4BA8-A5DE-0A5C2FA26336}.Debug|Any CPU.Build.0 = Debug|Any CPU
		{D7149FAA-9DD5-4BA8-A5DE-0A5C2FA26336}.Release|Any CPU.ActiveCfg = Release|Any CPU
		{D7149FAA-9DD5-4BA8-A5DE-0A5C2FA26336}.Release|Any CPU.Build.0 = Release|Any CPU
		{BF4459E2-8FA6-441B-9195-55E9FCC3F167}.Debug|Any CPU.ActiveCfg = Debug|Any CPU
		{BF4459E2-8FA6-441B-9195-55E9FCC3F167}.Debug|Any CPU.Build.0 = Debug|Any CPU
		{BF4459E2-8FA6-441B-9195-55E9FCC3F167}.Release|Any CPU.ActiveCfg = Release|Any CPU
		{BF4459E2-8FA6-441B-9195-55E9FCC3F167}.Release|Any CPU.Build.0 = Release|Any CPU
		{EFB30A70-73BC-4B52-BF95-AB170FE0F877}.Debug|Any CPU.ActiveCfg = Debug|Any CPU
		{EFB30A70-73BC-4B52-BF95-AB170FE0F877}.Debug|Any CPU.Build.0 = Debug|Any CPU
		{EFB30A70-73BC-4B52-BF95-AB170FE0F877}.Release|Any CPU.ActiveCfg = Release|Any CPU
		{EFB30A70-73BC-4B52-BF95-AB170FE0F877}.Release|Any CPU.Build.0 = Release|Any CPU
		{0CE2FD71-39B8-498E-8F8C-08F4C5B343F0}.Debug|Any CPU.ActiveCfg = Debug|Any CPU
		{0CE2FD71-39B8-498E-8F8C-08F4C5B343F0}.Debug|Any CPU.Build.0 = Debug|Any CPU
		{0CE2FD71-39B8-498E-8F8C-08F4C5B343F0}.Release|Any CPU.ActiveCfg = Release|Any CPU
		{0CE2FD71-39B8-498E-8F8C-08F4C5B343F0}.Release|Any CPU.Build.0 = Release|Any CPU
		{6196DF60-B0C1-41DD-AD70-58BB3A43D72F}.Debug|Any CPU.ActiveCfg = Debug|Any CPU
		{6196DF60-B0C1-41DD-AD70-58BB3A43D72F}.Debug|Any CPU.Build.0 = Debug|Any CPU
		{6196DF60-B0C1-41DD-AD70-58BB3A43D72F}.Release|Any CPU.ActiveCfg = Release|Any CPU
		{6196DF60-B0C1-41DD-AD70-58BB3A43D72F}.Release|Any CPU.Build.0 = Release|Any CPU
		{A0E178B3-14A0-4E12-9FCD-62D139519990}.Debug|Any CPU.ActiveCfg = Debug|Any CPU
		{A0E178B3-14A0-4E12-9FCD-62D139519990}.Debug|Any CPU.Build.0 = Debug|Any CPU
		{A0E178B3-14A0-4E12-9FCD-62D139519990}.Release|Any CPU.ActiveCfg = Release|Any CPU
		{A0E178B3-14A0-4E12-9FCD-62D139519990}.Release|Any CPU.Build.0 = Release|Any CPU
		{959AB583-3EF6-4348-85D1-CCA0B3175FD4}.Debug|Any CPU.ActiveCfg = Debug|Any CPU
		{959AB583-3EF6-4348-85D1-CCA0B3175FD4}.Debug|Any CPU.Build.0 = Debug|Any CPU
		{959AB583-3EF6-4348-85D1-CCA0B3175FD4}.Release|Any CPU.ActiveCfg = Release|Any CPU
		{959AB583-3EF6-4348-85D1-CCA0B3175FD4}.Release|Any CPU.Build.0 = Release|Any CPU
		{9ABB74E0-A888-4F40-B1D9-4C8FBF4AD1BC}.Debug|Any CPU.ActiveCfg = Debug|Any CPU
		{9ABB74E0-A888-4F40-B1D9-4C8FBF4AD1BC}.Debug|Any CPU.Build.0 = Debug|Any CPU
		{9ABB74E0-A888-4F40-B1D9-4C8FBF4AD1BC}.Release|Any CPU.ActiveCfg = Release|Any CPU
		{9ABB74E0-A888-4F40-B1D9-4C8FBF4AD1BC}.Release|Any CPU.Build.0 = Release|Any CPU
		{9EAFD370-7391-48A4-8810-842B618A7A21}.Debug|Any CPU.ActiveCfg = Debug|Any CPU
		{9EAFD370-7391-48A4-8810-842B618A7A21}.Debug|Any CPU.Build.0 = Debug|Any CPU
		{9EAFD370-7391-48A4-8810-842B618A7A21}.Release|Any CPU.ActiveCfg = Release|Any CPU
		{9EAFD370-7391-48A4-8810-842B618A7A21}.Release|Any CPU.Build.0 = Release|Any CPU
		{6C159003-FF08-4AC3-A9A4-814BCFB8FE42}.Debug|Any CPU.ActiveCfg = Debug|Any CPU
		{6C159003-FF08-4AC3-A9A4-814BCFB8FE42}.Debug|Any CPU.Build.0 = Debug|Any CPU
		{6C159003-FF08-4AC3-A9A4-814BCFB8FE42}.Release|Any CPU.ActiveCfg = Release|Any CPU
		{6C159003-FF08-4AC3-A9A4-814BCFB8FE42}.Release|Any CPU.Build.0 = Release|Any CPU
		{1A5E7DA6-06F9-4B56-B1CA-257B699CE2CD}.Debug|Any CPU.ActiveCfg = Debug|Any CPU
		{1A5E7DA6-06F9-4B56-B1CA-257B699CE2CD}.Debug|Any CPU.Build.0 = Debug|Any CPU
		{1A5E7DA6-06F9-4B56-B1CA-257B699CE2CD}.Release|Any CPU.ActiveCfg = Release|Any CPU
		{1A5E7DA6-06F9-4B56-B1CA-257B699CE2CD}.Release|Any CPU.Build.0 = Release|Any CPU
		{7B5D86E3-6D5E-4707-B96F-AF5FEA209B42}.Debug|Any CPU.ActiveCfg = Debug|Any CPU
		{7B5D86E3-6D5E-4707-B96F-AF5FEA209B42}.Debug|Any CPU.Build.0 = Debug|Any CPU
		{7B5D86E3-6D5E-4707-B96F-AF5FEA209B42}.Release|Any CPU.ActiveCfg = Release|Any CPU
		{7B5D86E3-6D5E-4707-B96F-AF5FEA209B42}.Release|Any CPU.Build.0 = Release|Any CPU
	EndGlobalSection
EndGlobal
